
Microsoft Visual Studio Solution File, Format Version 12.00
# Visual Studio Version 17
VisualStudioVersion = 17.8.34525.116
MinimumVisualStudioVersion = 10.0.40219.1
Project("{FAE04EC0-301F-11D3-BF4B-00C04F79EFBC}") = "Tienda_Electronica", "Tienda_Electronica\Tienda_Electronica.csproj", "{EF286037-F205-45D3-9E2D-7A1EDB059EEA}"
EndProject
Global
	GlobalSection(SolutionConfigurationPlatforms) = preSolution
		Debug|Any CPU = Debug|Any CPU
		Release|Any CPU = Release|Any CPU
	EndGlobalSection
	GlobalSection(ProjectConfigurationPlatforms) = postSolution
		{EF286037-F205-45D3-9E2D-7A1EDB059EEA}.Debug|Any CPU.ActiveCfg = Debug|Any CPU
		{EF286037-F205-45D3-9E2D-7A1EDB059EEA}.Debug|Any CPU.Build.0 = Debug|Any CPU
		{EF286037-F205-45D3-9E2D-7A1EDB059EEA}.Release|Any CPU.ActiveCfg = Release|Any CPU
		{EF286037-F205-45D3-9E2D-7A1EDB059EEA}.Release|Any CPU.Build.0 = Release|Any CPU
	EndGlobalSection
	GlobalSection(SolutionProperties) = preSolution
		HideSolutionNode = FALSE
	EndGlobalSection
	GlobalSection(ExtensibilityGlobals) = postSolution
		SolutionGuid = {9CA2EC63-B434-4E23-AFCD-14855D8234FE}
	EndGlobalSection
EndGlobal
